
Microsoft Visual Studio Solution File, Format Version 12.00
# Visual Studio Version 16
VisualStudioVersion = 16.0.31424.327
MinimumVisualStudioVersion = 10.0.40219.1
Project("{FAE04EC0-301F-11D3-BF4B-00C04F79EFBC}") = "SmartGreenhouse.WebAPI", "SmartGreenhouse.WebAPI\SmartGreenhouse.WebAPI.csproj", "{00D09B85-9EA9-458A-BE84-D30650232518}"
EndProject
Global
	GlobalSection(SolutionConfigurationPlatforms) = preSolution
		Debug|Any CPU = Debug|Any CPU
		Release|Any CPU = Release|Any CPU
	EndGlobalSection
	GlobalSection(ProjectConfigurationPlatforms) = postSolution
		{00D09B85-9EA9-458A-BE84-D30650232518}.Debug|Any CPU.ActiveCfg = Debug|Any CPU
		{00D09B85-9EA9-458A-BE84-D30650232518}.Debug|Any CPU.Build.0 = Debug|Any CPU
		{00D09B85-9EA9-458A-BE84-D30650232518}.Release|Any CPU.ActiveCfg = Release|Any CPU
		{00D09B85-9EA9-458A-BE84-D30650232518}.Release|Any CPU.Build.0 = Release|Any CPU
	EndGlobalSection
	GlobalSection(SolutionProperties) = preSolution
		HideSolutionNode = FALSE
	EndGlobalSection
	GlobalSection(ExtensibilityGlobals) = postSolution
		SolutionGuid = {0AD91A1B-BDDB-4D68-B91C-B9A89C451D68}
	EndGlobalSection
EndGlobal
